
Microsoft Visual Studio Solution File, Format Version 12.00
# Visual Studio Version 16
VisualStudioVersion = 16.0.31005.135
MinimumVisualStudioVersion = 10.0.40219.1
Project("{FAE04EC0-301F-11D3-BF4B-00C04F79EFBC}") = "Codewars", "Codewars\Codewars.csproj", "{77DC9B0D-4BF2-4F2A-B693-A194F58E96A1}"
EndProject
Project("{FAE04EC0-301F-11D3-BF4B-00C04F79EFBC}") = "Codewars.tests", "Codewars.tests\Codewars.tests.csproj", "{A0B0C0BF-1390-4EA2-9BC2-EDF111EFB8B3}"
EndProject
Global
	GlobalSection(SolutionConfigurationPlatforms) = preSolution
		Debug|Any CPU = Debug|Any CPU
		Release|Any CPU = Release|Any CPU
	EndGlobalSection
	GlobalSection(ProjectConfigurationPlatforms) = postSolution
		{77DC9B0D-4BF2-4F2A-B693-A194F58E96A1}.Debug|Any CPU.ActiveCfg = Debug|Any CPU
		{77DC9B0D-4BF2-4F2A-B693-A194F58E96A1}.Debug|Any CPU.Build.0 = Debug|Any CPU
		{77DC9B0D-4BF2-4F2A-B693-A194F58E96A1}.Release|Any CPU.ActiveCfg = Release|Any CPU
		{77DC9B0D-4BF2-4F2A-B693-A194F58E96A1}.Release|Any CPU.Build.0 = Release|Any CPU
		{A0B0C0BF-1390-4EA2-9BC2-EDF111EFB8B3}.Debug|Any CPU.ActiveCfg = Debug|Any CPU
		{A0B0C0BF-1390-4EA2-9BC2-EDF111EFB8B3}.Debug|Any CPU.Build.0 = Debug|Any CPU
		{A0B0C0BF-1390-4EA2-9BC2-EDF111EFB8B3}.Release|Any CPU.ActiveCfg = Release|Any CPU
		{A0B0C0BF-1390-4EA2-9BC2-EDF111EFB8B3}.Release|Any CPU.Build.0 = Release|Any CPU
	EndGlobalSection
	GlobalSection(SolutionProperties) = preSolution
		HideSolutionNode = FALSE
	EndGlobalSection
	GlobalSection(ExtensibilityGlobals) = postSolution
		SolutionGuid = {DCCE466E-5E0C-442D-9454-4F928F4EE202}
	EndGlobalSection
EndGlobal
